<?xml version="1.0" encoding="utf-8"?>
<Project ToolsVersion="4.0" xmlns="http://schemas.microsoft.com/developer/msbuild/2003">
  <ItemGroup>
    <Filter Include="Source Files">
      <UniqueIdentifier>{669765ad-2a24-4a86-b866-55d7a06a01ae}</UniqueIdentifier>
      <Extensions>cpp;c;cxx;rc;def;r;odl;idl;hpj;bat</Extensions>
    </Filter>
    <Filter Include="Header Files">
      <UniqueIdentifier>{e39cc0a6-b9c8-43c4-9ed4-5c8522d5365b}</UniqueIdentifier>
      <Extensions>h;hpp;hxx;hm;inl</Extensions>
    </Filter>
    <Filter Include="Lint Options">
      <UniqueIdentifier>{1b78fa76-d629-4dc7-baec-1440fdc3e8e8}</UniqueIdentifier>
    </Filter>
  </ItemGroup>
  <ItemGroup>
    <ClCompile Include="ServerMain.cpp">
      <Filter>Source Files</Filter>
    </ClCompile>
    <ClCompile Include="SocketServer.cpp">
      <Filter>Source Files</Filter>
    </ClCompile>
  </ItemGroup>
  <ItemGroup>
    <ClInclude Include="SocketServer.h">
      <Filter>Header Files</Filter>
    </ClInclude>
  </ItemGroup>
  <ItemGroup>
    <CustomBuild Include="EchoServer.lnt">
      <Filter>Lint Options</Filter>
    </CustomBuild>
    <CustomBuild Include="std.lnt">
      <Filter>Lint Options</Filter>
    </CustomBuild>
  </ItemGroup>
</Project>